
Microsoft Visual Studio Solution File, Format Version 12.00
# Visual Studio 15
VisualStudioVersion = 15.0.27703.2047
MinimumVisualStudioVersion = 10.0.40219.1
Project("{FAE04EC0-301F-11D3-BF4B-00C04F79EFBC}") = "MainCorreo", "MainCorreo\MainCorreo.csproj", "{36063102-F32F-4C96-9669-62E9514441D2}"
EndProject
Project("{FAE04EC0-301F-11D3-BF4B-00C04F79EFBC}") = "Entidades", "Entidades\Entidades.csproj", "{AA330A55-C23F-4E2C-9BD5-9CFDED9AA785}"
EndProject
Project("{FAE04EC0-301F-11D3-BF4B-00C04F79EFBC}") = "UnitTestProject1", "UnitTestProject1\UnitTestProject1.csproj", "{93B33378-A524-4119-B9D1-088D084B34DC}"
EndProject
Global
	GlobalSection(SolutionConfigurationPlatforms) = preSolution
		Debug|Any CPU = Debug|Any CPU
		Release|Any CPU = Release|Any CPU
	EndGlobalSection
	GlobalSection(ProjectConfigurationPlatforms) = postSolution
		{36063102-F32F-4C96-9669-62E9514441D2}.Debug|Any CPU.ActiveCfg = Debug|Any CPU
		{36063102-F32F-4C96-9669-62E9514441D2}.Debug|Any CPU.Build.0 = Debug|Any CPU
		{36063102-F32F-4C96-9669-62E9514441D2}.Release|Any CPU.ActiveCfg = Release|Any CPU
		{36063102-F32F-4C96-9669-62E9514441D2}.Release|Any CPU.Build.0 = Release|Any CPU
		{AA330A55-C23F-4E2C-9BD5-9CFDED9AA785}.Debug|Any CPU.ActiveCfg = Debug|Any CPU
		{AA330A55-C23F-4E2C-9BD5-9CFDED9AA785}.Debug|Any CPU.Build.0 = Debug|Any CPU
		{AA330A55-C23F-4E2C-9BD5-9CFDED9AA785}.Release|Any CPU.ActiveCfg = Release|Any CPU
		{AA330A55-C23F-4E2C-9BD5-9CFDED9AA785}.Release|Any CPU.Build.0 = Release|Any CPU
		{93B33378-A524-4119-B9D1-088D084B34DC}.Debug|Any CPU.ActiveCfg = Debug|Any CPU
		{93B33378-A524-4119-B9D1-088D084B34DC}.Debug|Any CPU.Build.0 = Debug|Any CPU
		{93B33378-A524-4119-B9D1-088D084B34DC}.Release|Any CPU.ActiveCfg = Release|Any CPU
		{93B33378-A524-4119-B9D1-088D084B34DC}.Release|Any CPU.Build.0 = Release|Any CPU
	EndGlobalSection
	GlobalSection(SolutionProperties) = preSolution
		HideSolutionNode = FALSE
	EndGlobalSection
	GlobalSection(ExtensibilityGlobals) = postSolution
		SolutionGuid = {4839A9C1-9C33-425F-8864-E1C9B50E8426}
	EndGlobalSection
EndGlobal
