
Microsoft Visual Studio Solution File, Format Version 12.00
# Visual Studio 15
VisualStudioVersion = 15.0.28307.572
MinimumVisualStudioVersion = 10.0.40219.1
Project("{FAE04EC0-301F-11D3-BF4B-00C04F79EFBC}") = "Entidades", "Entidades\Entidades.csproj", "{2717BB2E-9154-480B-BC91-F46DFB63D71F}"
EndProject
Project("{FAE04EC0-301F-11D3-BF4B-00C04F79EFBC}") = "MiCalculadora", "MiCalculadora\MiCalculadora.csproj", "{4DFD0A39-96BA-4A80-8CE3-49209015BF17}"
EndProject
Global
	GlobalSection(SolutionConfigurationPlatforms) = preSolution
		Debug|Any CPU = Debug|Any CPU
		Release|Any CPU = Release|Any CPU
	EndGlobalSection
	GlobalSection(ProjectConfigurationPlatforms) = postSolution
		{2717BB2E-9154-480B-BC91-F46DFB63D71F}.Debug|Any CPU.ActiveCfg = Debug|Any CPU
		{2717BB2E-9154-480B-BC91-F46DFB63D71F}.Debug|Any CPU.Build.0 = Debug|Any CPU
		{2717BB2E-9154-480B-BC91-F46DFB63D71F}.Release|Any CPU.ActiveCfg = Release|Any CPU
		{2717BB2E-9154-480B-BC91-F46DFB63D71F}.Release|Any CPU.Build.0 = Release|Any CPU
		{4DFD0A39-96BA-4A80-8CE3-49209015BF17}.Debug|Any CPU.ActiveCfg = Debug|Any CPU
		{4DFD0A39-96BA-4A80-8CE3-49209015BF17}.Debug|Any CPU.Build.0 = Debug|Any CPU
		{4DFD0A39-96BA-4A80-8CE3-49209015BF17}.Release|Any CPU.ActiveCfg = Release|Any CPU
		{4DFD0A39-96BA-4A80-8CE3-49209015BF17}.Release|Any CPU.Build.0 = Release|Any CPU
	EndGlobalSection
	GlobalSection(SolutionProperties) = preSolution
		HideSolutionNode = FALSE
	EndGlobalSection
	GlobalSection(ExtensibilityGlobals) = postSolution
		SolutionGuid = {0E37A6ED-369A-461C-B47E-9258DB856918}
	EndGlobalSection
EndGlobal
